
Microsoft Visual Studio Solution File, Format Version 12.00
# Visual Studio Version 17
VisualStudioVersion = 17.2.32616.157
MinimumVisualStudioVersion = 10.0.40219.1
Project("{9A19103F-16F7-4668-BE54-9A1E7A4F7556}") = "BookFaceApp", "BookFaceApp\BookFaceApp.csproj", "{234A42EE-D65F-46BC-9691-64DC1DEA112C}"
EndProject
Project("{9A19103F-16F7-4668-BE54-9A1E7A4F7556}") = "BookFaceApp.Infrastructure", "BookFaceApp.Infrastructure\BookFaceApp.Infrastructure.csproj", "{EAC9AEE7-80E8-4A09-BC67-ECADCF780EAB}"
EndProject
Project("{9A19103F-16F7-4668-BE54-9A1E7A4F7556}") = "BookFaceApp.Core", "BookFaceApp.Core\BookFaceApp.Core.csproj", "{BB3382BB-C0CA-41FD-815B-15DCE36B2565}"
EndProject
Project("{FAE04EC0-301F-11D3-BF4B-00C04F79EFBC}") = "BookFaceApp.UnitTests", "BookFaceApp.UnitTests\BookFaceApp.UnitTests.csproj", "{9BF7F991-1C3F-4182-8240-C6F10FB6344E}"
EndProject
Global
	GlobalSection(SolutionConfigurationPlatforms) = preSolution
		Debug|Any CPU = Debug|Any CPU
		Release|Any CPU = Release|Any CPU
	EndGlobalSection
	GlobalSection(ProjectConfigurationPlatforms) = postSolution
		{234A42EE-D65F-46BC-9691-64DC1DEA112C}.Debug|Any CPU.ActiveCfg = Debug|Any CPU
		{234A42EE-D65F-46BC-9691-64DC1DEA112C}.Debug|Any CPU.Build.0 = Debug|Any CPU
		{234A42EE-D65F-46BC-9691-64DC1DEA112C}.Release|Any CPU.ActiveCfg = Release|Any CPU
		{234A42EE-D65F-46BC-9691-64DC1DEA112C}.Release|Any CPU.Build.0 = Release|Any CPU
		{EAC9AEE7-80E8-4A09-BC67-ECADCF780EAB}.Debug|Any CPU.ActiveCfg = Debug|Any CPU
		{EAC9AEE7-80E8-4A09-BC67-ECADCF780EAB}.Debug|Any CPU.Build.0 = Debug|Any CPU
		{EAC9AEE7-80E8-4A09-BC67-ECADCF780EAB}.Release|Any CPU.ActiveCfg = Release|Any CPU
		{EAC9AEE7-80E8-4A09-BC67-ECADCF780EAB}.Release|Any CPU.Build.0 = Release|Any CPU
		{BB3382BB-C0CA-41FD-815B-15DCE36B2565}.Debug|Any CPU.ActiveCfg = Debug|Any CPU
		{BB3382BB-C0CA-41FD-815B-15DCE36B2565}.Debug|Any CPU.Build.0 = Debug|Any CPU
		{BB3382BB-C0CA-41FD-815B-15DCE36B2565}.Release|Any CPU.ActiveCfg = Release|Any CPU
		{BB3382BB-C0CA-41FD-815B-15DCE36B2565}.Release|Any CPU.Build.0 = Release|Any CPU
		{9BF7F991-1C3F-4182-8240-C6F10FB6344E}.Debug|Any CPU.ActiveCfg = Debug|Any CPU
		{9BF7F991-1C3F-4182-8240-C6F10FB6344E}.Debug|Any CPU.Build.0 = Debug|Any CPU
		{9BF7F991-1C3F-4182-8240-C6F10FB6344E}.Release|Any CPU.ActiveCfg = Release|Any CPU
		{9BF7F991-1C3F-4182-8240-C6F10FB6344E}.Release|Any CPU.Build.0 = Release|Any CPU
	EndGlobalSection
	GlobalSection(SolutionProperties) = preSolution
		HideSolutionNode = FALSE
	EndGlobalSection
	GlobalSection(ExtensibilityGlobals) = postSolution
		SolutionGuid = {4AD8D9F3-CDDB-425B-A70E-E665379E3D06}
	EndGlobalSection
EndGlobal
